
Microsoft Visual Studio Solution File, Format Version 12.00
# Visual Studio Version 17
VisualStudioVersion = 17.2.32630.192
MinimumVisualStudioVersion = 10.0.40219.1
Project("{FAE04EC0-301F-11D3-BF4B-00C04F79EFBC}") = "MyList_rec", "MyList_rec.csproj", "{ABC4737E-4893-45ED-9E8F-B74994B6BB06}"
EndProject
Global
	GlobalSection(SolutionConfigurationPlatforms) = preSolution
		Debug|Any CPU = Debug|Any CPU
		Release|Any CPU = Release|Any CPU
	EndGlobalSection
	GlobalSection(ProjectConfigurationPlatforms) = postSolution
		{ABC4737E-4893-45ED-9E8F-B74994B6BB06}.Debug|Any CPU.ActiveCfg = Debug|Any CPU
		{ABC4737E-4893-45ED-9E8F-B74994B6BB06}.Debug|Any CPU.Build.0 = Debug|Any CPU
		{ABC4737E-4893-45ED-9E8F-B74994B6BB06}.Release|Any CPU.ActiveCfg = Release|Any CPU
		{ABC4737E-4893-45ED-9E8F-B74994B6BB06}.Release|Any CPU.Build.0 = Release|Any CPU
	EndGlobalSection
	GlobalSection(SolutionProperties) = preSolution
		HideSolutionNode = FALSE
	EndGlobalSection
	GlobalSection(ExtensibilityGlobals) = postSolution
		SolutionGuid = {75AB0B27-163E-48DB-8C78-73967B969299}
	EndGlobalSection
EndGlobal
